
Microsoft Visual Studio Solution File, Format Version 12.00
# Visual Studio Version 16
VisualStudioVersion = 16.0.29424.173
MinimumVisualStudioVersion = 10.0.40219.1
Project("{8BC9CEB8-8B4A-11D0-8D11-00A0C91BC942}") = "Graph_boj", "Graph_boj\Graph_boj.vcxproj", "{333B956E-CCB3-46DC-80EF-71D5C2191D35}"
EndProject
Global
	GlobalSection(SolutionConfigurationPlatforms) = preSolution
		Debug|x64 = Debug|x64
		Debug|x86 = Debug|x86
		Release|x64 = Release|x64
		Release|x86 = Release|x86
	EndGlobalSection
	GlobalSection(ProjectConfigurationPlatforms) = postSolution
		{333B956E-CCB3-46DC-80EF-71D5C2191D35}.Debug|x64.ActiveCfg = Debug|x64
		{333B956E-CCB3-46DC-80EF-71D5C2191D35}.Debug|x64.Build.0 = Debug|x64
		{333B956E-CCB3-46DC-80EF-71D5C2191D35}.Debug|x86.ActiveCfg = Debug|Win32
		{333B956E-CCB3-46DC-80EF-71D5C2191D35}.Debug|x86.Build.0 = Debug|Win32
		{333B956E-CCB3-46DC-80EF-71D5C2191D35}.Release|x64.ActiveCfg = Release|x64
		{333B956E-CCB3-46DC-80EF-71D5C2191D35}.Release|x64.Build.0 = Release|x64
		{333B956E-CCB3-46DC-80EF-71D5C2191D35}.Release|x86.ActiveCfg = Release|Win32
		{333B956E-CCB3-46DC-80EF-71D5C2191D35}.Release|x86.Build.0 = Release|Win32
	EndGlobalSection
	GlobalSection(SolutionProperties) = preSolution
		HideSolutionNode = FALSE
	EndGlobalSection
	GlobalSection(ExtensibilityGlobals) = postSolution
		SolutionGuid = {507B1455-74FB-462E-ACA3-E4082D2D761E}
	EndGlobalSection
EndGlobal
